
Microsoft Visual Studio Solution File, Format Version 12.00
# Visual Studio Version 17
VisualStudioVersion = 17.9.34622.214
MinimumVisualStudioVersion = 10.0.40219.1
Project("{FAE04EC0-301F-11D3-BF4B-00C04F79EFBC}") = "TDShooter", "TDShooter.csproj", "{AC825DEA-1B36-43BC-A638-93918D683263}"
EndProject
Global
	GlobalSection(SolutionConfigurationPlatforms) = preSolution
		Debug|Any CPU = Debug|Any CPU
		Release|Any CPU = Release|Any CPU
	EndGlobalSection
	GlobalSection(ProjectConfigurationPlatforms) = postSolution
		{AC825DEA-1B36-43BC-A638-93918D683263}.Debug|Any CPU.ActiveCfg = Debug|Any CPU
		{AC825DEA-1B36-43BC-A638-93918D683263}.Debug|Any CPU.Build.0 = Debug|Any CPU
		{AC825DEA-1B36-43BC-A638-93918D683263}.Release|Any CPU.ActiveCfg = Release|Any CPU
		{AC825DEA-1B36-43BC-A638-93918D683263}.Release|Any CPU.Build.0 = Release|Any CPU
	EndGlobalSection
	GlobalSection(SolutionProperties) = preSolution
		HideSolutionNode = FALSE
	EndGlobalSection
	GlobalSection(ExtensibilityGlobals) = postSolution
		SolutionGuid = {608F3C16-6BAB-49CB-8B14-C1BEA3A24842}
	EndGlobalSection
EndGlobal
